
Microsoft Visual Studio Solution File, Format Version 12.00
# Visual Studio 15
VisualStudioVersion = 15.0.26430.6
MinimumVisualStudioVersion = 10.0.40219.1
Project("{FAE04EC0-301F-11D3-BF4B-00C04F79EFBC}") = "FlowTestClient", "FlowTestClient\FlowTestClient.csproj", "{A67FEE81-E34A-4C07-BC25-054FA7C90DB3}"
EndProject
Project("{FAE04EC0-301F-11D3-BF4B-00C04F79EFBC}") = "FlowTestClient.NetFramework", "FlowTestClient.NetFramework\FlowTestClient.NetFramework.csproj", "{235329B1-A98B-40B8-93F6-F6A9B7EA5142}"
EndProject
Global
	GlobalSection(SolutionConfigurationPlatforms) = preSolution
		Debug|Any CPU = Debug|Any CPU
		Release|Any CPU = Release|Any CPU
	EndGlobalSection
	GlobalSection(ProjectConfigurationPlatforms) = postSolution
		{A67FEE81-E34A-4C07-BC25-054FA7C90DB3}.Debug|Any CPU.ActiveCfg = Debug|Any CPU
		{A67FEE81-E34A-4C07-BC25-054FA7C90DB3}.Debug|Any CPU.Build.0 = Debug|Any CPU
		{A67FEE81-E34A-4C07-BC25-054FA7C90DB3}.Release|Any CPU.ActiveCfg = Release|Any CPU
		{A67FEE81-E34A-4C07-BC25-054FA7C90DB3}.Release|Any CPU.Build.0 = Release|Any CPU
		{235329B1-A98B-40B8-93F6-F6A9B7EA5142}.Debug|Any CPU.ActiveCfg = Debug|Any CPU
		{235329B1-A98B-40B8-93F6-F6A9B7EA5142}.Debug|Any CPU.Build.0 = Debug|Any CPU
		{235329B1-A98B-40B8-93F6-F6A9B7EA5142}.Release|Any CPU.ActiveCfg = Release|Any CPU
		{235329B1-A98B-40B8-93F6-F6A9B7EA5142}.Release|Any CPU.Build.0 = Release|Any CPU
	EndGlobalSection
	GlobalSection(SolutionProperties) = preSolution
		HideSolutionNode = FALSE
	EndGlobalSection
EndGlobal
